
Microsoft Visual Studio Solution File, Format Version 12.00
# Visual Studio 15
VisualStudioVersion = 15.0.26831.0
MinimumVisualStudioVersion = 10.0.40219.1
Project("{9A19103F-16F7-4668-BE54-9A1E7A4F7556}") = "AuctionR", "src\AuctionR\AuctionR.csproj", "{567ADF2D-A067-473D-BE09-F9152B48050A}"
EndProject
Global
	GlobalSection(SolutionConfigurationPlatforms) = preSolution
		Debug|Any CPU = Debug|Any CPU
		Release|Any CPU = Release|Any CPU
	EndGlobalSection
	GlobalSection(ProjectConfigurationPlatforms) = postSolution
		{567ADF2D-A067-473D-BE09-F9152B48050A}.Debug|Any CPU.ActiveCfg = Debug|Any CPU
		{567ADF2D-A067-473D-BE09-F9152B48050A}.Debug|Any CPU.Build.0 = Debug|Any CPU
		{567ADF2D-A067-473D-BE09-F9152B48050A}.Release|Any CPU.ActiveCfg = Release|Any CPU
		{567ADF2D-A067-473D-BE09-F9152B48050A}.Release|Any CPU.Build.0 = Release|Any CPU
	EndGlobalSection
	GlobalSection(SolutionProperties) = preSolution
		HideSolutionNode = FALSE
	EndGlobalSection
	GlobalSection(ExtensibilityGlobals) = postSolution
		SolutionGuid = {26B0E233-829C-425A-8267-AD21FF0FC660}
	EndGlobalSection
EndGlobal
