
Microsoft Visual Studio Solution File, Format Version 12.00
# Visual Studio 15
VisualStudioVersion = 15.0.26730.12
MinimumVisualStudioVersion = 10.0.40219.1
Project("{9A19103F-16F7-4668-BE54-9A1E7A4F7556}") = "AuctionR", "..\src\AuctionR\AuctionR.csproj", "{5D2EAD44-3A27-4892-B40C-069529A64122}"
EndProject
Global
	GlobalSection(SolutionConfigurationPlatforms) = preSolution
		Debug|Any CPU = Debug|Any CPU
		Release|Any CPU = Release|Any CPU
	EndGlobalSection
	GlobalSection(ProjectConfigurationPlatforms) = postSolution
		{5D2EAD44-3A27-4892-B40C-069529A64122}.Debug|Any CPU.ActiveCfg = Debug|Any CPU
		{5D2EAD44-3A27-4892-B40C-069529A64122}.Debug|Any CPU.Build.0 = Debug|Any CPU
		{5D2EAD44-3A27-4892-B40C-069529A64122}.Release|Any CPU.ActiveCfg = Release|Any CPU
		{5D2EAD44-3A27-4892-B40C-069529A64122}.Release|Any CPU.Build.0 = Release|Any CPU
	EndGlobalSection
	GlobalSection(SolutionProperties) = preSolution
		HideSolutionNode = FALSE
	EndGlobalSection
	GlobalSection(ExtensibilityGlobals) = postSolution
		SolutionGuid = {4D6A45B0-0DAF-47FA-AC33-5E36D5E0B8FD}
	EndGlobalSection
EndGlobal
